
Microsoft Visual Studio Solution File, Format Version 12.00
# Visual Studio Version 17
VisualStudioVersion = 17.14.36518.9 d17.14
MinimumVisualStudioVersion = 10.0.40219.1
Project("{FAE04EC0-301F-11D3-BF4B-00C04F79EFBC}") = "OverloadingOperatorsLib", "OverloadingOperatorsLib\OverloadingOperatorsLib.csproj", "{D74CA1CC-1C6D-4FBF-8299-4DD553B26446}"
EndProject
Project("{FAE04EC0-301F-11D3-BF4B-00C04F79EFBC}") = "OverloadingOperatorsLibTester", "OverloadingOperatorsLibTester\OverloadingOperatorsLibTester.csproj", "{9623CA57-CB9F-4B97-9979-1AD7FCFD29EA}"
EndProject
Global
	GlobalSection(SolutionConfigurationPlatforms) = preSolution
		Debug|Any CPU = Debug|Any CPU
		Release|Any CPU = Release|Any CPU
	EndGlobalSection
	GlobalSection(ProjectConfigurationPlatforms) = postSolution
		{D74CA1CC-1C6D-4FBF-8299-4DD553B26446}.Debug|Any CPU.ActiveCfg = Debug|Any CPU
		{D74CA1CC-1C6D-4FBF-8299-4DD553B26446}.Debug|Any CPU.Build.0 = Debug|Any CPU
		{D74CA1CC-1C6D-4FBF-8299-4DD553B26446}.Release|Any CPU.ActiveCfg = Release|Any CPU
		{D74CA1CC-1C6D-4FBF-8299-4DD553B26446}.Release|Any CPU.Build.0 = Release|Any CPU
		{9623CA57-CB9F-4B97-9979-1AD7FCFD29EA}.Debug|Any CPU.ActiveCfg = Debug|Any CPU
		{9623CA57-CB9F-4B97-9979-1AD7FCFD29EA}.Debug|Any CPU.Build.0 = Debug|Any CPU
		{9623CA57-CB9F-4B97-9979-1AD7FCFD29EA}.Release|Any CPU.ActiveCfg = Release|Any CPU
		{9623CA57-CB9F-4B97-9979-1AD7FCFD29EA}.Release|Any CPU.Build.0 = Release|Any CPU
	EndGlobalSection
	GlobalSection(SolutionProperties) = preSolution
		HideSolutionNode = FALSE
	EndGlobalSection
	GlobalSection(ExtensibilityGlobals) = postSolution
		SolutionGuid = {498A1578-694C-44E8-8A6D-CC0E4A579BAF}
	EndGlobalSection
EndGlobal
